// !$*UTF8*$!
{
	archiveVersion = 1;
	classes = {
	};
	objectVersion = 50;
	objects = {

/* Begin PBXBuildFile section */
		A23774F1238C08C600EDD3EB /* AppDelegate.swift in Sources */ = {isa = PBXBuildFile; fileRef = A23774F0238C08C600EDD3EB /* AppDelegate.swift */; };
		A23774F3238C08C600EDD3EB /* SceneDelegate.swift in Sources */ = {isa = PBXBuildFile; fileRef = A23774F2238C08C600EDD3EB /* SceneDelegate.swift */; };
		A23774F5238C08C600EDD3EB /* ViewController.swift in Sources */ = {isa = PBXBuildFile; fileRef = A23774F4238C08C600EDD3EB /* ViewController.swift */; };
		A23774F8238C08C600EDD3EB /* Main.storyboard in Resources */ = {isa = PBXBuildFile; fileRef = A23774F6238C08C600EDD3EB /* Main.storyboard */; };
		A23774FA238C08C700EDD3EB /* Assets.xcassets in Resources */ = {isa = PBXBuildFile; fileRef = A23774F9238C08C700EDD3EB /* Assets.xcassets */; };
		A23774FD238C08C700EDD3EB /* LaunchScreen.storyboard in Resources */ = {isa = PBXBuildFile; fileRef = A23774FB238C08C700EDD3EB /* LaunchScreen.storyboard */; };
		A2377505238C0EA700EDD3EB /* conho.png in Resources */ = {isa = PBXBuildFile; fileRef = A2377504238C0EA700EDD3EB /* conho.png */; };
/* End PBXBuildFile section */

/* Begin PBXFileReference section */
		A23774ED238C08C600EDD3EB /* lambailogin.app */ = {isa = PBXFileReference; explicitFileType = wrapper.application; includeInIndex = 0; path = lambailogin.app; sourceTree = BUILT_PRODUCTS_DIR; };
		A23774F0238C08C600EDD3EB /* AppDelegate.swift */ = {isa = PBXFileReference; lastKnownFileType = sourcecode.swift; path = AppDelegate.swift; sourceTree = "<group>"; };
		A23774F2238C08C600EDD3EB /* SceneDelegate.swift */ = {isa = PBXFileReference; lastKnownFileType = sourcecode.swift; path = SceneDelegate.swift; sourceTree = "<group>"; };
		A23774F4238C08C600EDD3EB /* ViewController.swift */ = {isa = PBXFileReference; lastKnownFileType = sourcecode.swift; path = ViewController.swift; sourceTree = "<group>"; };
		A23774F7238C08C600EDD3EB /* Base */ = {isa = PBXFileReference; lastKnownFileType = file.storyboard; name = Base; path = Base.lproj/Main.storyboard; sourceTree = "<group>"; };
		A23774F9238C08C700EDD3EB /* Assets.xcassets */ = {isa = PBXFileReference; lastKnownFileType = folder.assetcatalog; path = Assets.xcassets; sourceTree = "<group>"; };
		A23774FC238C08C700EDD3EB /* Base */ = {isa = PBXFileReference; lastKnownFileType = file.storyboard; name = Base; path = Base.lproj/LaunchScreen.storyboard; sourceTree = "<group>"; };
		A23774FE238C08C700EDD3EB /* Info.plist */ = {isa = PBXFileReference; lastKnownFileType = text.plist.xml; path = Info.plist; sourceTree = "<group>"; };
		A2377504238C0EA700EDD3EB /* conho.png */ = {isa = PBXFileReference; lastKnownFileType = image.png; path = conho.png; sourceTree = "<group>"; };
/* End PBXFileReference section */

/* Begin PBXFrameworksBuildPhase section */
		A23774EA238C08C600EDD3EB /* Frameworks */ = {
			isa = PBXFrameworksBuildPhase;
			buildActionMask = 2147483647;
			files = (
			);
			runOnlyForDeploymentPostprocessing = 0;
		};
/* End PBXFrameworksBuildPhase section */

/* Begin PBXGroup section */
		A23774E4238C08C600EDD3EB = {
			isa = PBXGroup;
			children = (
				A23774EF238C08C600EDD3EB /* lambailogin */,
				A23774EE238C08C600EDD3EB /* Products */,
			);
			sourceTree = "<group>";
		};
		A23774EE238C08C600EDD3EB /* Products */ = {
			isa = PBXGroup;
			children = (
				A23774ED238C08C600EDD3EB /* lambailogin.app */,
			);
			name = Products;
			sourceTree = "<group>";
		};
		A23774EF238C08C600EDD3EB /* lambailogin */ = {
			isa = PBXGroup;
			children = (
				A23774F0238C08C600EDD3EB /* AppDelegate.swift */,
				A23774F2238C08C600EDD3EB /* SceneDelegate.swift */,
				A23774F4238C08C600EDD3EB /* ViewController.swift */,
				A23774F6238C08C600EDD3EB /* Main.storyboard */,
				A23774F9238C08C700EDD3EB /* Assets.xcassets */,
				A2377504238C0EA700EDD3EB /* conho.png */,
				A23774FB238C08C700EDD3EB /* LaunchScreen.storyboard */,
				A23774FE238C08C700EDD3EB /* Info.plist */,
			);
			path = lambailogin;
			sourceTree = "<group>";
		};
/* End PBXGroup section */

/* Begin PBXNativeTarget section */
		A23774EC238C08C600EDD3EB /* lambailogin */ = {
			isa = PBXNativeTarget;
			buildConfigurationList = A2377501238C08C700EDD3EB /* Build configuration list for PBXNativeTarget "lambailogin" */;
			buildPhases = (
				A23774E9238C08C600EDD3EB /* Sources */,
				A23774EA238C08C600EDD3EB /* Frameworks */,
				A23774EB238C08C600EDD3EB /* Resources */,
			);
			buildRules = (
			);
			dependencies = (
			);
			name = lambailogin;
			productName = lambailogin;
			productReference = A23774ED238C08C600EDD3EB /* lambailogin.app */;
			productType = "com.apple.product-type.application";
		};
/* End PBXNativeTarget section */

/* Begin PBXProject section */
		A23774E5238C08C600EDD3EB /* Project object */ = {
			isa = PBXProject;
			attributes = {
				LastSwiftUpdateCheck = 1110;
				LastUpgradeCheck = 1110;
				ORGANIZATIONNAME = macshop;
				TargetAttributes = {
					A23774EC238C08C600EDD3EB = {
						CreatedOnToolsVersion = 11.1;
					};
				};
			};
			buildConfigurationList = A23774E8238C08C600EDD3EB /* Build configuration list for PBXProject "lambailogin" */;
			compatibilityVersion = "Xcode 9.3";
			developmentRegion = en;
			hasScannedForEncodings = 0;
			knownRegions = (
				en,
				Base,
			);
			mainGroup = A23774E4238C08C600EDD3EB;
			productRefGroup = A23774EE238C08C600EDD3EB /* Products */;
			projectDirPath = "";
			projectRoot = "";
			targets = (
				A23774EC238C08C600EDD3EB /* lambailogin */,
			);
		};
/* End PBXProject section */

/* Begin PBXResourcesBuildPhase section */
		A23774EB238C08C600EDD3EB /* Resources */ = {
			isa = PBXResourcesBuildPhase;
			buildActionMask = 2147483647;
			files = (
				A23774FD238C08C700EDD3EB /* LaunchScreen.storyboard in Resources */,
				A23774FA238C08C700EDD3EB /* Assets.xcassets in Resources */,
				A23774F8238C08C600EDD3EB /* Main.storyboard in Resources */,
				A2377505238C0EA700EDD3EB /* conho.png in Resources */,
			);
			runOnlyForDeploymentPostprocessing = 0;
		};
/* End PBXResourcesBuildPhase section */

/* Begin PBXSourcesBuildPhase section */
		A23774E9238C08C600EDD3EB /* Sources */ = {
			isa = PBXSourcesBuildPhase;
			buildActionMask = 2147483647;
			files = (
				A23774F5238C08C600EDD3EB /* ViewController.swift in Sources */,
				A23774F1238C08C600EDD3EB /* AppDelegate.swift in Sources */,
				A23774F3238C08C600EDD3EB /* SceneDelegate.swift in Sources */,
			);
			runOnlyForDeploymentPostprocessing = 0;
		};
/* End PBXSourcesBuildPhase section */

/* Begin PBXVariantGroup section */
		A23774F6238C08C600EDD3EB /* Main.storyboard */ = {
			isa = PBXVariantGroup;
			children = (
				A23774F7238C08C600EDD3EB /* Base */,
			);
			name = Main.storyboard;
			sourceTree = "<group>";
		};
		A23774FB238C08C700EDD3EB /* LaunchScreen.storyboard */ = {
			isa = PBXVariantGroup;
			children = (
				A23774FC238C08C700EDD3EB /* Base */,
			);
			name = LaunchScreen.storyboard;
			sourceTree = "<group>";
		};
/* End PBXVariantGroup section */

/* Begin XCBuildConfiguration section */
		A23774FF238C08C700EDD3EB /* Debug */ = {
			isa = XCBuildConfiguration;
			buildSettings = {
				ALWAYS_SEARCH_USER_PATHS = NO;
				CLANG_ANALYZER_NONNULL = YES;
				CLANG_ANALYZER_NUMBER_OBJECT_CONVERSION = YES_AGGRESSIVE;
				CLANG_CXX_LANGUAGE_STANDARD = "gnu++14";
				CLANG_CXX_LIBRARY = "libc++";
				CLANG_ENABLE_MODULES = YES;
				CLANG_ENABLE_OBJC_ARC = YES;
				CLANG_ENABLE_OBJC_WEAK = YES;
				CLANG_WARN_BLOCK_CAPTURE_AUTORELEASING = YES;
				CLANG_WARN_BOOL_CONVERSION = YES;
				CLANG_WARN_COMMA = YES;
				CLANG_WARN_CONSTANT_CONVERSION = YES;
				CLANG_WARN_DEPRECATED_OBJC_IMPLEMENTATIONS = YES;
				CLANG_WARN_DIRECT_OBJC_ISA_USAGE = YES_ERROR;
				CLANG_WARN_DOCUMENTATION_COMMENTS = YES;
				CLANG_WARN_EMPTY_BODY = YES;
				CLANG_WARN_ENUM_CONVERSION = YES;
				CLANG_WARN_INFINITE_RECURSION = YES;
				CLANG_WARN_INT_CONVERSION = YES;
				CLANG_WARN_NON_LITERAL_NULL_CONVERSION = YES;
				CLANG_WARN_OBJC_IMPLICIT_RETAIN_SELF = YES;
				CLANG_WARN_OBJC_LITERAL_CONVERSION = YES;
				CLANG_WARN_OBJC_ROOT_CLASS = YES_ERROR;
				CLANG_WARN_RANGE_LOOP_ANALYSIS = YES;
				CLANG_WARN_STRICT_PROTOTYPES = YES;
				CLANG_WARN_SUSPICIOUS_MOVE = YES;
				CLANG_WARN_UNGUARDED_AVAILABILITY = YES_AGGRESSIVE;
				CLANG_WARN_UNREACHABLE_CODE = YES;
				CLANG_WARN__DUPLICATE_METHOD_MATCH = YES;
				COPY_PHASE_STRIP = NO;
				DEBUG_INFORMATION_FORMAT = dwarf;
				ENABLE_STRICT_OBJC_MSGSEND = YES;
				ENABLE_TESTABILITY = YES;
				GCC_C_LANGUAGE_STANDARD = gnu11;
				GCC_DYNAMIC_NO_PIC = NO;
				GCC_NO_COMMON_BLOCKS = YES;
				GCC_OPTIMIZATION_LEVEL = 0;
				GCC_PREPROCESSOR_DEFINITIONS = (
					"DEBUG=1",
					"$(inherited)",
				);
				GCC_WARN_64_TO_32_BIT_CONVERSION = YES;
				GCC_WARN_ABOUT_RETURN_TYPE = YES_ERROR;
				GCC_WARN_UNDECLARED_SELECTOR = YES;
				GCC_WARN_UNINITIALIZED_AUTOS = YES_AGGRESSIVE;
				GCC_WARN_UNUSED_FUNCTION = YES;
				GCC_WARN_UNUSED_VARIABLE = YES;
				IPHONEOS_DEPLOYMENT_TARGET = 13.1;
				MTL_ENABLE_DEBUG_INFO = INCLUDE_SOURCE;
				MTL_FAST_MATH = YES;
				ONLY_ACTIVE_ARCH = YES;
				SDKROOT = iphoneos;
				SWIFT_ACTIVE_COMPILATION_CONDITIONS = DEBUG;
				SWIFT_OPTIMIZATION_LEVEL = "-Onone";
			};
			name = Debug;
		};
		A2377500238C08C700EDD3EB /* Release */ = {
			isa = XCBuildConfiguration;
			buildSettings = {
				ALWAYS_SEARCH_USER_PATHS = NO;
				CLANG_ANALYZER_NONNULL = YES;
				CLANG_ANALYZER_NUMBER_OBJECT_CONVERSION = YES_AGGRESSIVE;
				CLANG_CXX_LANGUAGE_STANDARD = "gnu++14";
				CLANG_CXX_LIBRARY = "libc++";
				CLANG_ENABLE_MODULES = YES;
				CLANG_ENABLE_OBJC_ARC = YES;
				CLANG_ENABLE_OBJC_WEAK = YES;
				CLANG_WARN_BLOCK_CAPTURE_AUTORELEASING = YES;
				CLANG_WARN_BOOL_CONVERSION = YES;
				CLANG_WARN_COMMA = YES;
				CLANG_WARN_CONSTANT_CONVERSION = YES;
				CLANG_WARN_DEPRECATED_OBJC_IMPLEMENTATIONS = YES;
				CLANG_WARN_DIRECT_OBJC_ISA_USAGE = YES_ERROR;
				CLANG_WARN_DOCUMENTATION_COMMENTS = YES;
				CLANG_WARN_EMPTY_BODY = YES;
				CLANG_WARN_ENUM_CONVERSION = YES;
				CLANG_WARN_INFINITE_RECURSION = YES;
				CLANG_WARN_INT_CONVERSION = YES;
				CLANG_WARN_NON_LITERAL_NULL_CONVERSION = YES;
				CLANG_WARN_OBJC_IMPLICIT_RETAIN_SELF = YES;
				CLANG_WARN_OBJC_LITERAL_CONVERSION = YES;
				CLANG_WARN_OBJC_ROOT_CLASS = YES_ERROR;
				CLANG_WARN_RANGE_LOOP_ANALYSIS = YES;
				CLANG_WARN_STRICT_PROTOTYPES = YES;
				CLANG_WARN_SUSPICIOUS_MOVE = YES;
				CLANG_WARN_UNGUARDED_AVAILABILITY = YES_AGGRESSIVE;
				CLANG_WARN_UNREACHABLE_CODE = YES;
				CLANG_WARN__DUPLICATE_METHOD_MATCH = YES;
				COPY_PHASE_STRIP = NO;
				DEBUG_INFORMATION_FORMAT = "dwarf-with-dsym";
				ENABLE_NS_ASSERTIONS = NO;
				ENABLE_STRICT_OBJC_MSGSEND = YES;
				GCC_C_LANGUAGE_STANDARD = gnu11;
				GCC_NO_COMMON_BLOCKS = YES;
				GCC_WARN_64_TO_32_BIT_CONVERSION = YES;
				GCC_WARN_ABOUT_RETURN_TYPE = YES_ERROR;
				GCC_WARN_UNDECLARED_SELECTOR = YES;
				GCC_WARN_UNINITIALIZED_AUTOS = YES_AGGRESSIVE;
				GCC_WARN_UNUSED_FUNCTION = YES;
				GCC_WARN_UNUSED_VARIABLE = YES;
				IPHONEOS_DEPLOYMENT_TARGET = 13.1;
				MTL_ENABLE_DEBUG_INFO = NO;
				MTL_FAST_MATH = YES;
				SDKROOT = iphoneos;
				SWIFT_COMPILATION_MODE = wholemodule;
				SWIFT_OPTIMIZATION_LEVEL = "-O";
				VALIDATE_PRODUCT = YES;
			};
			name = Release;
		};
		A2377502238C08C700EDD3EB /* Debug */ = {
			isa = XCBuildConfiguration;
			buildSettings = {
				ASSETCATALOG_COMPILER_APPICON_NAME = AppIcon;
				CODE_SIGN_STYLE = Automatic;
				INFOPLIST_FILE = lambailogin/Info.plist;
				LD_RUNPATH_SEARCH_PATHS = (
					"$(inherited)",
					"@executable_path/Frameworks",
				);
				PRODUCT_BUNDLE_IDENTIFIER = duongswift.lambailogin;
				PRODUCT_NAME = "$(TARGET_NAME)";
				SWIFT_VERSION = 5.0;
				TARGETED_DEVICE_FAMILY = "1,2";
			};
			name = Debug;
		};
		A2377503238C08C700EDD3EB /* Release */ = {
			isa = XCBuildConfiguration;
			buildSettings = {
				ASSETCATALOG_COMPILER_APPICON_NAME = AppIcon;
				CODE_SIGN_STYLE = Automatic;
				INFOPLIST_FILE = lambailogin/Info.plist;
				LD_RUNPATH_SEARCH_PATHS = (
					"$(inherited)",
					"@executable_path/Frameworks",
				);
				PRODUCT_BUNDLE_IDENTIFIER = duongswift.lambailogin;
				PRODUCT_NAME = "$(TARGET_NAME)";
				SWIFT_VERSION = 5.0;
				TARGETED_DEVICE_FAMILY = "1,2";
			};
			name = Release;
		};
/* End XCBuildConfiguration section */

/* Begin XCConfigurationList section */
		A23774E8238C08C600EDD3EB /* Build configuration list for PBXProject "lambailogin" */ = {
			isa = XCConfigurationList;
			buildConfigurations = (
				A23774FF238C08C700EDD3EB /* Debug */,
				A2377500238C08C700EDD3EB /* Release */,
			);
			defaultConfigurationIsVisible = 0;
			defaultConfigurationName = Release;
		};
		A2377501238C08C700EDD3EB /* Build configuration list for PBXNativeTarget "lambailogin" */ = {
			isa = XCConfigurationList;
			buildConfigurations = (
				A2377502238C08C700EDD3EB /* Debug */,
				A2377503238C08C700EDD3EB /* Release */,
			);
			defaultConfigurationIsVisible = 0;
			defaultConfigurationName = Release;
		};
/* End XCConfigurationList section */
	};
	rootObject = A23774E5238C08C600EDD3EB /* Project object */;
}
